
Microsoft Visual Studio Solution File, Format Version 12.00
# Visual Studio 15
VisualStudioVersion = 15.0.28307.271
MinimumVisualStudioVersion = 10.0.40219.1
Project("{FAE04EC0-301F-11D3-BF4B-00C04F79EFBC}") = "Quinela.Android", "Quinela\Quinela.Android\Quinela.Android.csproj", "{9F201A52-0863-4A3A-B400-6702DFC12A31}"
EndProject
Project("{FAE04EC0-301F-11D3-BF4B-00C04F79EFBC}") = "Quinela.iOS", "Quinela\Quinela.iOS\Quinela.iOS.csproj", "{378ED68F-8228-4462-B431-41F2FBCB3F74}"
EndProject
Project("{FAE04EC0-301F-11D3-BF4B-00C04F79EFBC}") = "Quinela.UWP", "Quinela\Quinela.UWP\Quinela.UWP.csproj", "{CF52845A-829E-45A1-A7DC-900D2BF8FFB5}"
EndProject
Project("{FAE04EC0-301F-11D3-BF4B-00C04F79EFBC}") = "Quinela", "Quinela\Quinela\Quinela.csproj", "{00FB763A-E7FF-4266-AB2E-6CB1FB82BB45}"
EndProject
Global
	GlobalSection(SolutionConfigurationPlatforms) = preSolution
		Ad-Hoc|Any CPU = Ad-Hoc|Any CPU
		Ad-Hoc|ARM = Ad-Hoc|ARM
		Ad-Hoc|iPhone = Ad-Hoc|iPhone
		Ad-Hoc|iPhoneSimulator = Ad-Hoc|iPhoneSimulator
		Ad-Hoc|x64 = Ad-Hoc|x64
		Ad-Hoc|x86 = Ad-Hoc|x86
		AppStore|Any CPU = AppStore|Any CPU
		AppStore|ARM = AppStore|ARM
		AppStore|iPhone = AppStore|iPhone
		AppStore|iPhoneSimulator = AppStore|iPhoneSimulator
		AppStore|x64 = AppStore|x64
		AppStore|x86 = AppStore|x86
		Debug|Any CPU = Debug|Any CPU
		Debug|ARM = Debug|ARM
		Debug|iPhone = Debug|iPhone
		Debug|iPhoneSimulator = Debug|iPhoneSimulator
		Debug|x64 = Debug|x64
		Debug|x86 = Debug|x86
		Release|Any CPU = Release|Any CPU
		Release|ARM = Release|ARM
		Release|iPhone = Release|iPhone
		Release|iPhoneSimulator = Release|iPhoneSimulator
		Release|x64 = Release|x64
		Release|x86 = Release|x86
	EndGlobalSection
	GlobalSection(ProjectConfigurationPlatforms) = postSolution
		{9F201A52-0863-4A3A-B400-6702DFC12A31}.Ad-Hoc|Any CPU.ActiveCfg = Release|Any CPU
		{9F201A52-0863-4A3A-B400-6702DFC12A31}.Ad-Hoc|Any CPU.Build.0 = Release|Any CPU
		{9F201A52-0863-4A3A-B400-6702DFC12A31}.Ad-Hoc|Any CPU.Deploy.0 = Release|Any CPU
		{9F201A52-0863-4A3A-B400-6702DFC12A31}.Ad-Hoc|ARM.ActiveCfg = Release|Any CPU
		{9F201A52-0863-4A3A-B400-6702DFC12A31}.Ad-Hoc|ARM.Build.0 = Release|Any CPU
		{9F201A52-0863-4A3A-B400-6702DFC12A31}.Ad-Hoc|ARM.Deploy.0 = Release|Any CPU
		{9F201A52-0863-4A3A-B400-6702DFC12A31}.Ad-Hoc|iPhone.ActiveCfg = Release|Any CPU
		{9F201A52-0863-4A3A-B400-6702DFC12A31}.Ad-Hoc|iPhone.Build.0 = Release|Any CPU
		{9F201A52-0863-4A3A-B400-6702DFC12A31}.Ad-Hoc|iPhone.Deploy.0 = Release|Any CPU
		{9F201A52-0863-4A3A-B400-6702DFC12A31}.Ad-Hoc|iPhoneSimulator.ActiveCfg = Release|Any CPU
		{9F201A52-0863-4A3A-B400-6702DFC12A31}.Ad-Hoc|iPhoneSimulator.Build.0 = Release|Any CPU
		{9F201A52-0863-4A3A-B400-6702DFC12A31}.Ad-Hoc|iPhoneSimulator.Deploy.0 = Release|Any CPU
		{9F201A52-0863-4A3A-B400-6702DFC12A31}.Ad-Hoc|x64.ActiveCfg = Release|Any CPU
		{9F201A52-0863-4A3A-B400-6702DFC12A31}.Ad-Hoc|x64.Build.0 = Release|Any CPU
		{9F201A52-0863-4A3A-B400-6702DFC12A31}.Ad-Hoc|x64.Deploy.0 = Release|Any CPU
		{9F201A52-0863-4A3A-B400-6702DFC12A31}.Ad-Hoc|x86.ActiveCfg = Release|Any CPU
		{9F201A52-0863-4A3A-B400-6702DFC12A31}.Ad-Hoc|x86.Build.0 = Release|Any CPU
		{9F201A52-0863-4A3A-B400-6702DFC12A31}.Ad-Hoc|x86.Deploy.0 = Release|Any CPU
		{9F201A52-0863-4A3A-B400-6702DFC12A31}.AppStore|Any CPU.ActiveCfg = Release|Any CPU
		{9F201A52-0863-4A3A-B400-6702DFC12A31}.AppStore|Any CPU.Build.0 = Release|Any CPU
		{9F201A52-0863-4A3A-B400-6702DFC12A31}.AppStore|Any CPU.Deploy.0 = Release|Any CPU
		{9F201A52-0863-4A3A-B400-6702DFC12A31}.AppStore|ARM.ActiveCfg = Release|Any CPU
		{9F201A52-0863-4A3A-B400-6702DFC12A31}.AppStore|ARM.Build.0 = Release|Any CPU
		{9F201A52-0863-4A3A-B400-6702DFC12A31}.AppStore|ARM.Deploy.0 = Release|Any CPU
		{9F201A52-0863-4A3A-B400-6702DFC12A31}.AppStore|iPhone.ActiveCfg = Release|Any CPU
		{9F201A52-0863-4A3A-B400-6702DFC12A31}.AppStore|iPhone.Build.0 = Release|Any CPU
		{9F201A52-0863-4A3A-B400-6702DFC12A31}.AppStore|iPhone.Deploy.0 = Release|Any CPU
		{9F201A52-0863-4A3A-B400-6702DFC12A31}.AppStore|iPhoneSimulator.ActiveCfg = Release|Any CPU
		{9F201A52-0863-4A3A-B400-6702DFC12A31}.AppStore|iPhoneSimulator.Build.0 = Release|Any CPU
		{9F201A52-0863-4A3A-B400-6702DFC12A31}.AppStore|iPhoneSimulator.Deploy.0 = Release|Any CPU
		{9F201A52-0863-4A3A-B400-6702DFC12A31}.AppStore|x64.ActiveCfg = Release|Any CPU
		{9F201A52-0863-4A3A-B400-6702DFC12A31}.AppStore|x64.Build.0 = Release|Any CPU
		{9F201A52-0863-4A3A-B400-6702DFC12A31}.AppStore|x64.Deploy.0 = Release|Any CPU
		{9F201A52-0863-4A3A-B400-6702DFC12A31}.AppStore|x86.ActiveCfg = Release|Any CPU
		{9F201A52-0863-4A3A-B400-6702DFC12A31}.AppStore|x86.Build.0 = Release|Any CPU
		{9F201A52-0863-4A3A-B400-6702DFC12A31}.AppStore|x86.Deploy.0 = Release|Any CPU
		{9F201A52-0863-4A3A-B400-6702DFC12A31}.Debug|Any CPU.ActiveCfg = Debug|Any CPU
		{9F201A52-0863-4A3A-B400-6702DFC12A31}.Debug|Any CPU.Build.0 = Debug|Any CPU
		{9F201A52-0863-4A3A-B400-6702DFC12A31}.Debug|Any CPU.Deploy.0 = Debug|Any CPU
		{9F201A52-0863-4A3A-B400-6702DFC12A31}.Debug|ARM.ActiveCfg = Debug|Any CPU
		{9F201A52-0863-4A3A-B400-6702DFC12A31}.Debug|ARM.Build.0 = Debug|Any CPU
		{9F201A52-0863-4A3A-B400-6702DFC12A31}.Debug|ARM.Deploy.0 = Debug|Any CPU
		{9F201A52-0863-4A3A-B400-6702DFC12A31}.Debug|iPhone.ActiveCfg = Debug|Any CPU
		{9F201A52-0863-4A3A-B400-6702DFC12A31}.Debug|iPhone.Build.0 = Debug|Any CPU
		{9F201A52-0863-4A3A-B400-6702DFC12A31}.Debug|iPhone.Deploy.0 = Debug|Any CPU
		{9F201A52-0863-4A3A-B400-6702DFC12A31}.Debug|iPhoneSimulator.ActiveCfg = Debug|Any CPU
		{9F201A52-0863-4A3A-B400-6702DFC12A31}.Debug|iPhoneSimulator.Build.0 = Debug|Any CPU
		{9F201A52-0863-4A3A-B400-6702DFC12A31}.Debug|iPhoneSimulator.Deploy.0 = Debug|Any CPU
		{9F201A52-0863-4A3A-B400-6702DFC12A31}.Debug|x64.ActiveCfg = Debug|Any CPU
		{9F201A52-0863-4A3A-B400-6702DFC12A31}.Debug|x64.Build.0 = Debug|Any CPU
		{9F201A52-0863-4A3A-B400-6702DFC12A31}.Debug|x64.Deploy.0 = Debug|Any CPU
		{9F201A52-0863-4A3A-B400-6702DFC12A31}.Debug|x86.ActiveCfg = Debug|Any CPU
		{9F201A52-0863-4A3A-B400-6702DFC12A31}.Debug|x86.Build.0 = Debug|Any CPU
		{9F201A52-0863-4A3A-B400-6702DFC12A31}.Debug|x86.Deploy.0 = Debug|Any CPU
		{9F201A52-0863-4A3A-B400-6702DFC12A31}.Release|Any CPU.ActiveCfg = Release|Any CPU
		{9F201A52-0863-4A3A-B400-6702DFC12A31}.Release|Any CPU.Build.0 = Release|Any CPU
		{9F201A52-0863-4A3A-B400-6702DFC12A31}.Release|Any CPU.Deploy.0 = Release|Any CPU
		{9F201A52-0863-4A3A-B400-6702DFC12A31}.Release|ARM.ActiveCfg = Release|Any CPU
		{9F201A52-0863-4A3A-B400-6702DFC12A31}.Release|ARM.Build.0 = Release|Any CPU
		{9F201A52-0863-4A3A-B400-6702DFC12A31}.Release|ARM.Deploy.0 = Release|Any CPU
		{9F201A52-0863-4A3A-B400-6702DFC12A31}.Release|iPhone.ActiveCfg = Release|Any CPU
		{9F201A52-0863-4A3A-B400-6702DFC12A31}.Release|iPhone.Build.0 = Release|Any CPU
		{9F201A52-0863-4A3A-B400-6702DFC12A31}.Release|iPhone.Deploy.0 = Release|Any CPU
		{9F201A52-0863-4A3A-B400-6702DFC12A31}.Release|iPhoneSimulator.ActiveCfg = Release|Any CPU
		{9F201A52-0863-4A3A-B400-6702DFC12A31}.Release|iPhoneSimulator.Build.0 = Release|Any CPU
		{9F201A52-0863-4A3A-B400-6702DFC12A31}.Release|iPhoneSimulator.Deploy.0 = Release|Any CPU
		{9F201A52-0863-4A3A-B400-6702DFC12A31}.Release|x64.ActiveCfg = Release|Any CPU
		{9F201A52-0863-4A3A-B400-6702DFC12A31}.Release|x64.Build.0 = Release|Any CPU
		{9F201A52-0863-4A3A-B400-6702DFC12A31}.Release|x64.Deploy.0 = Release|Any CPU
		{9F201A52-0863-4A3A-B400-6702DFC12A31}.Release|x86.ActiveCfg = Release|Any CPU
		{9F201A52-0863-4A3A-B400-6702DFC12A31}.Release|x86.Build.0 = Release|Any CPU
		{9F201A52-0863-4A3A-B400-6702DFC12A31}.Release|x86.Deploy.0 = Release|Any CPU
		{378ED68F-8228-4462-B431-41F2FBCB3F74}.Ad-Hoc|Any CPU.ActiveCfg = Ad-Hoc|iPhone
		{378ED68F-8228-4462-B431-41F2FBCB3F74}.Ad-Hoc|Any CPU.Build.0 = Ad-Hoc|iPhone
		{378ED68F-8228-4462-B431-41F2FBCB3F74}.Ad-Hoc|Any CPU.Deploy.0 = Ad-Hoc|iPhone
		{378ED68F-8228-4462-B431-41F2FBCB3F74}.Ad-Hoc|ARM.ActiveCfg = Ad-Hoc|iPhone
		{378ED68F-8228-4462-B431-41F2FBCB3F74}.Ad-Hoc|ARM.Build.0 = Ad-Hoc|iPhone
		{378ED68F-8228-4462-B431-41F2FBCB3F74}.Ad-Hoc|ARM.Deploy.0 = Ad-Hoc|iPhone
		{378ED68F-8228-4462-B431-41F2FBCB3F74}.Ad-Hoc|iPhone.ActiveCfg = Ad-Hoc|iPhone
		{378ED68F-8228-4462-B431-41F2FBCB3F74}.Ad-Hoc|iPhone.Build.0 = Ad-Hoc|iPhone
		{378ED68F-8228-4462-B431-41F2FBCB3F74}.Ad-Hoc|iPhone.Deploy.0 = Ad-Hoc|iPhone
		{378ED68F-8228-4462-B431-41F2FBCB3F74}.Ad-Hoc|iPhoneSimulator.ActiveCfg = Ad-Hoc|iPhoneSimulator
		{378ED68F-8228-4462-B431-41F2FBCB3F74}.Ad-Hoc|iPhoneSimulator.Build.0 = Ad-Hoc|iPhoneSimulator
		{378ED68F-8228-4462-B431-41F2FBCB3F74}.Ad-Hoc|iPhoneSimulator.Deploy.0 = Ad-Hoc|iPhoneSimulator
		{378ED68F-8228-4462-B431-41F2FBCB3F74}.Ad-Hoc|x64.ActiveCfg = Ad-Hoc|iPhone
		{378ED68F-8228-4462-B431-41F2FBCB3F74}.Ad-Hoc|x64.Build.0 = Ad-Hoc|iPhone
		{378ED68F-8228-4462-B431-41F2FBCB3F74}.Ad-Hoc|x64.Deploy.0 = Ad-Hoc|iPhone
		{378ED68F-8228-4462-B431-41F2FBCB3F74}.Ad-Hoc|x86.ActiveCfg = Ad-Hoc|iPhone
		{378ED68F-8228-4462-B431-41F2FBCB3F74}.Ad-Hoc|x86.Build.0 = Ad-Hoc|iPhone
		{378ED68F-8228-4462-B431-41F2FBCB3F74}.Ad-Hoc|x86.Deploy.0 = Ad-Hoc|iPhone
		{378ED68F-8228-4462-B431-41F2FBCB3F74}.AppStore|Any CPU.ActiveCfg = AppStore|iPhone
		{378ED68F-8228-4462-B431-41F2FBCB3F74}.AppStore|Any CPU.Build.0 = AppStore|iPhone
		{378ED68F-8228-4462-B431-41F2FBCB3F74}.AppStore|Any CPU.Deploy.0 = AppStore|iPhone
		{378ED68F-8228-4462-B431-41F2FBCB3F74}.AppStore|ARM.ActiveCfg = AppStore|iPhone
		{378ED68F-8228-4462-B431-41F2FBCB3F74}.AppStore|ARM.Build.0 = AppStore|iPhone
		{378ED68F-8228-4462-B431-41F2FBCB3F74}.AppStore|ARM.Deploy.0 = AppStore|iPhone
		{378ED68F-8228-4462-B431-41F2FBCB3F74}.AppStore|iPhone.ActiveCfg = AppStore|iPhone
		{378ED68F-8228-4462-B431-41F2FBCB3F74}.AppStore|iPhone.Build.0 = AppStore|iPhone
		{378ED68F-8228-4462-B431-41F2FBCB3F74}.AppStore|iPhone.Deploy.0 = AppStore|iPhone
		{378ED68F-8228-4462-B431-41F2FBCB3F74}.AppStore|iPhoneSimulator.ActiveCfg = AppStore|iPhoneSimulator
		{378ED68F-8228-4462-B431-41F2FBCB3F74}.AppStore|iPhoneSimulator.Build.0 = AppStore|iPhoneSimulator
		{378ED68F-8228-4462-B431-41F2FBCB3F74}.AppStore|iPhoneSimulator.Deploy.0 = AppStore|iPhoneSimulator
		{378ED68F-8228-4462-B431-41F2FBCB3F74}.AppStore|x64.ActiveCfg = AppStore|iPhone
		{378ED68F-8228-4462-B431-41F2FBCB3F74}.AppStore|x64.Build.0 = AppStore|iPhone
		{378ED68F-8228-4462-B431-41F2FBCB3F74}.AppStore|x64.Deploy.0 = AppStore|iPhone
		{378ED68F-8228-4462-B431-41F2FBCB3F74}.AppStore|x86.ActiveCfg = AppStore|iPhone
		{378ED68F-8228-4462-B431-41F2FBCB3F74}.AppStore|x86.Build.0 = AppStore|iPhone
		{378ED68F-8228-4462-B431-41F2FBCB3F74}.AppStore|x86.Deploy.0 = AppStore|iPhone
		{378ED68F-8228-4462-B431-41F2FBCB3F74}.Debug|Any CPU.ActiveCfg = Debug|iPhoneSimulator
		{378ED68F-8228-4462-B431-41F2FBCB3F74}.Debug|Any CPU.Build.0 = Debug|iPhoneSimulator
		{378ED68F-8228-4462-B431-41F2FBCB3F74}.Debug|Any CPU.Deploy.0 = Debug|iPhoneSimulator
		{378ED68F-8228-4462-B431-41F2FBCB3F74}.Debug|ARM.ActiveCfg = Debug|iPhone
		{378ED68F-8228-4462-B431-41F2FBCB3F74}.Debug|ARM.Build.0 = Debug|iPhone
		{378ED68F-8228-4462-B431-41F2FBCB3F74}.Debug|ARM.Deploy.0 = Debug|iPhone
		{378ED68F-8228-4462-B431-41F2FBCB3F74}.Debug|iPhone.ActiveCfg = Debug|iPhone
		{378ED68F-8228-4462-B431-41F2FBCB3F74}.Debug|iPhone.Build.0 = Debug|iPhone
		{378ED68F-8228-4462-B431-41F2FBCB3F74}.Debug|iPhone.Deploy.0 = Debug|iPhone
		{378ED68F-8228-4462-B431-41F2FBCB3F74}.Debug|iPhoneSimulator.ActiveCfg = Debug|iPhoneSimulator
		{378ED68F-8228-4462-B431-41F2FBCB3F74}.Debug|iPhoneSimulator.Build.0 = Debug|iPhoneSimulator
		{378ED68F-8228-4462-B431-41F2FBCB3F74}.Debug|iPhoneSimulator.Deploy.0 = Debug|iPhoneSimulator
		{378ED68F-8228-4462-B431-41F2FBCB3F74}.Debug|x64.ActiveCfg = Debug|iPhone
		{378ED68F-8228-4462-B431-41F2FBCB3F74}.Debug|x64.Build.0 = Debug|iPhone
		{378ED68F-8228-4462-B431-41F2FBCB3F74}.Debug|x64.Deploy.0 = Debug|iPhone
		{378ED68F-8228-4462-B431-41F2FBCB3F74}.Debug|x86.ActiveCfg = Debug|iPhone
		{378ED68F-8228-4462-B431-41F2FBCB3F74}.Debug|x86.Build.0 = Debug|iPhone
		{378ED68F-8228-4462-B431-41F2FBCB3F74}.Debug|x86.Deploy.0 = Debug|iPhone
		{378ED68F-8228-4462-B431-41F2FBCB3F74}.Release|Any CPU.ActiveCfg = Release|iPhone
		{378ED68F-8228-4462-B431-41F2FBCB3F74}.Release|Any CPU.Build.0 = Release|iPhone
		{378ED68F-8228-4462-B431-41F2FBCB3F74}.Release|Any CPU.Deploy.0 = Release|iPhone
		{378ED68F-8228-4462-B431-41F2FBCB3F74}.Release|ARM.ActiveCfg = Release|iPhone
		{378ED68F-8228-4462-B431-41F2FBCB3F74}.Release|ARM.Build.0 = Release|iPhone
		{378ED68F-8228-4462-B431-41F2FBCB3F74}.Release|ARM.Deploy.0 = Release|iPhone
		{378ED68F-8228-4462-B431-41F2FBCB3F74}.Release|iPhone.ActiveCfg = Release|iPhone
		{378ED68F-8228-4462-B431-41F2FBCB3F74}.Release|iPhone.Build.0 = Release|iPhone
		{378ED68F-8228-4462-B431-41F2FBCB3F74}.Release|iPhone.Deploy.0 = Release|iPhone
		{378ED68F-8228-4462-B431-41F2FBCB3F74}.Release|iPhoneSimulator.ActiveCfg = Release|iPhoneSimulator
		{378ED68F-8228-4462-B431-41F2FBCB3F74}.Release|iPhoneSimulator.Build.0 = Release|iPhoneSimulator
		{378ED68F-8228-4462-B431-41F2FBCB3F74}.Release|iPhoneSimulator.Deploy.0 = Release|iPhoneSimulator
		{378ED68F-8228-4462-B431-41F2FBCB3F74}.Release|x64.ActiveCfg = Release|iPhone
		{378ED68F-8228-4462-B431-41F2FBCB3F74}.Release|x64.Build.0 = Release|iPhone
		{378ED68F-8228-4462-B431-41F2FBCB3F74}.Release|x64.Deploy.0 = Release|iPhone
		{378ED68F-8228-4462-B431-41F2FBCB3F74}.Release|x86.ActiveCfg = Release|iPhone
		{378ED68F-8228-4462-B431-41F2FBCB3F74}.Release|x86.Build.0 = Release|iPhone
		{378ED68F-8228-4462-B431-41F2FBCB3F74}.Release|x86.Deploy.0 = Release|iPhone
		{CF52845A-829E-45A1-A7DC-900D2BF8FFB5}.Ad-Hoc|Any CPU.ActiveCfg = Release|x86
		{CF52845A-829E-45A1-A7DC-900D2BF8FFB5}.Ad-Hoc|Any CPU.Build.0 = Release|x86
		{CF52845A-829E-45A1-A7DC-900D2BF8FFB5}.Ad-Hoc|Any CPU.Deploy.0 = Release|x86
		{CF52845A-829E-45A1-A7DC-900D2BF8FFB5}.Ad-Hoc|ARM.ActiveCfg = Release|ARM
		{CF52845A-829E-45A1-A7DC-900D2BF8FFB5}.Ad-Hoc|ARM.Build.0 = Release|ARM
		{CF52845A-829E-45A1-A7DC-900D2BF8FFB5}.Ad-Hoc|ARM.Deploy.0 = Release|ARM
		{CF52845A-829E-45A1-A7DC-900D2BF8FFB5}.Ad-Hoc|iPhone.ActiveCfg = Release|x86
		{CF52845A-829E-45A1-A7DC-900D2BF8FFB5}.Ad-Hoc|iPhone.Build.0 = Release|x86
		{CF52845A-829E-45A1-A7DC-900D2BF8FFB5}.Ad-Hoc|iPhone.Deploy.0 = Release|x86
		{CF52845A-829E-45A1-A7DC-900D2BF8FFB5}.Ad-Hoc|iPhoneSimulator.ActiveCfg = Release|x86
		{CF52845A-829E-45A1-A7DC-900D2BF8FFB5}.Ad-Hoc|iPhoneSimulator.Build.0 = Release|x86
		{CF52845A-829E-45A1-A7DC-900D2BF8FFB5}.Ad-Hoc|iPhoneSimulator.Deploy.0 = Release|x86
		{CF52845A-829E-45A1-A7DC-900D2BF8FFB5}.Ad-Hoc|x64.ActiveCfg = Release|x64
		{CF52845A-829E-45A1-A7DC-900D2BF8FFB5}.Ad-Hoc|x64.Build.0 = Release|x64
		{CF52845A-829E-45A1-A7DC-900D2BF8FFB5}.Ad-Hoc|x64.Deploy.0 = Release|x64
		{CF52845A-829E-45A1-A7DC-900D2BF8FFB5}.Ad-Hoc|x86.ActiveCfg = Release|x86
		{CF52845A-829E-45A1-A7DC-900D2BF8FFB5}.Ad-Hoc|x86.Build.0 = Release|x86
		{CF52845A-829E-45A1-A7DC-900D2BF8FFB5}.Ad-Hoc|x86.Deploy.0 = Release|x86
		{CF52845A-829E-45A1-A7DC-900D2BF8FFB5}.AppStore|Any CPU.ActiveCfg = Release|x86
		{CF52845A-829E-45A1-A7DC-900D2BF8FFB5}.AppStore|Any CPU.Build.0 = Release|x86
		{CF52845A-829E-45A1-A7DC-900D2BF8FFB5}.AppStore|Any CPU.Deploy.0 = Release|x86
		{CF52845A-829E-45A1-A7DC-900D2BF8FFB5}.AppStore|ARM.ActiveCfg = Release|ARM
		{CF52845A-829E-45A1-A7DC-900D2BF8FFB5}.AppStore|ARM.Build.0 = Release|ARM
		{CF52845A-829E-45A1-A7DC-900D2BF8FFB5}.AppStore|ARM.Deploy.0 = Release|ARM
		{CF52845A-829E-45A1-A7DC-900D2BF8FFB5}.AppStore|iPhone.ActiveCfg = Release|x86
		{CF52845A-829E-45A1-A7DC-900D2BF8FFB5}.AppStore|iPhone.Build.0 = Release|x86
		{CF52845A-829E-45A1-A7DC-900D2BF8FFB5}.AppStore|iPhone.Deploy.0 = Release|x86
		{CF52845A-829E-45A1-A7DC-900D2BF8FFB5}.AppStore|iPhoneSimulator.ActiveCfg = Release|x86
		{CF52845A-829E-45A1-A7DC-900D2BF8FFB5}.AppStore|iPhoneSimulator.Build.0 = Release|x86
		{CF52845A-829E-45A1-A7DC-900D2BF8FFB5}.AppStore|iPhoneSimulator.Deploy.0 = Release|x86
		{CF52845A-829E-45A1-A7DC-900D2BF8FFB5}.AppStore|x64.ActiveCfg = Release|x64
		{CF52845A-829E-45A1-A7DC-900D2BF8FFB5}.AppStore|x64.Build.0 = Release|x64
		{CF52845A-829E-45A1-A7DC-900D2BF8FFB5}.AppStore|x64.Deploy.0 = Release|x64
		{CF52845A-829E-45A1-A7DC-900D2BF8FFB5}.AppStore|x86.ActiveCfg = Release|x86
		{CF52845A-829E-45A1-A7DC-900D2BF8FFB5}.AppStore|x86.Build.0 = Release|x86
		{CF52845A-829E-45A1-A7DC-900D2BF8FFB5}.AppStore|x86.Deploy.0 = Release|x86
		{CF52845A-829E-45A1-A7DC-900D2BF8FFB5}.Debug|Any CPU.ActiveCfg = Debug|x86
		{CF52845A-829E-45A1-A7DC-900D2BF8FFB5}.Debug|Any CPU.Build.0 = Debug|x86
		{CF52845A-829E-45A1-A7DC-900D2BF8FFB5}.Debug|Any CPU.Deploy.0 = Debug|x86
		{CF52845A-829E-45A1-A7DC-900D2BF8FFB5}.Debug|ARM.ActiveCfg = Debug|ARM
		{CF52845A-829E-45A1-A7DC-900D2BF8FFB5}.Debug|ARM.Build.0 = Debug|ARM
		{CF52845A-829E-45A1-A7DC-900D2BF8FFB5}.Debug|ARM.Deploy.0 = Debug|ARM
		{CF52845A-829E-45A1-A7DC-900D2BF8FFB5}.Debug|iPhone.ActiveCfg = Debug|x86
		{CF52845A-829E-45A1-A7DC-900D2BF8FFB5}.Debug|iPhone.Build.0 = Debug|x86
		{CF52845A-829E-45A1-A7DC-900D2BF8FFB5}.Debug|iPhone.Deploy.0 = Debug|x86
		{CF52845A-829E-45A1-A7DC-900D2BF8FFB5}.Debug|iPhoneSimulator.ActiveCfg = Debug|x86
		{CF52845A-829E-45A1-A7DC-900D2BF8FFB5}.Debug|iPhoneSimulator.Build.0 = Debug|x86
		{CF52845A-829E-45A1-A7DC-900D2BF8FFB5}.Debug|iPhoneSimulator.Deploy.0 = Debug|x86
		{CF52845A-829E-45A1-A7DC-900D2BF8FFB5}.Debug|x64.ActiveCfg = Debug|x64
		{CF52845A-829E-45A1-A7DC-900D2BF8FFB5}.Debug|x64.Build.0 = Debug|x64
		{CF52845A-829E-45A1-A7DC-900D2BF8FFB5}.Debug|x64.Deploy.0 = Debug|x64
		{CF52845A-829E-45A1-A7DC-900D2BF8FFB5}.Debug|x86.ActiveCfg = Debug|x86
		{CF52845A-829E-45A1-A7DC-900D2BF8FFB5}.Debug|x86.Build.0 = Debug|x86
		{CF52845A-829E-45A1-A7DC-900D2BF8FFB5}.Debug|x86.Deploy.0 = Debug|x86
		{CF52845A-829E-45A1-A7DC-900D2BF8FFB5}.Release|Any CPU.ActiveCfg = Release|x86
		{CF52845A-829E-45A1-A7DC-900D2BF8FFB5}.Release|Any CPU.Build.0 = Release|x86
		{CF52845A-829E-45A1-A7DC-900D2BF8FFB5}.Release|Any CPU.Deploy.0 = Release|x86
		{CF52845A-829E-45A1-A7DC-900D2BF8FFB5}.Release|ARM.ActiveCfg = Release|ARM
		{CF52845A-829E-45A1-A7DC-900D2BF8FFB5}.Release|ARM.Build.0 = Release|ARM
		{CF52845A-829E-45A1-A7DC-900D2BF8FFB5}.Release|ARM.Deploy.0 = Release|ARM
		{CF52845A-829E-45A1-A7DC-900D2BF8FFB5}.Release|iPhone.ActiveCfg = Release|x86
		{CF52845A-829E-45A1-A7DC-900D2BF8FFB5}.Release|iPhone.Build.0 = Release|x86
		{CF52845A-829E-45A1-A7DC-900D2BF8FFB5}.Release|iPhone.Deploy.0 = Release|x86
		{CF52845A-829E-45A1-A7DC-900D2BF8FFB5}.Release|iPhoneSimulator.ActiveCfg = Release|x86
		{CF52845A-829E-45A1-A7DC-900D2BF8FFB5}.Release|iPhoneSimulator.Build.0 = Release|x86
		{CF52845A-829E-45A1-A7DC-900D2BF8FFB5}.Release|iPhoneSimulator.Deploy.0 = Release|x86
		{CF52845A-829E-45A1-A7DC-900D2BF8FFB5}.Release|x64.ActiveCfg = Release|x64
		{CF52845A-829E-45A1-A7DC-900D2BF8FFB5}.Release|x64.Build.0 = Release|x64
		{CF52845A-829E-45A1-A7DC-900D2BF8FFB5}.Release|x64.Deploy.0 = Release|x64
		{CF52845A-829E-45A1-A7DC-900D2BF8FFB5}.Release|x86.ActiveCfg = Release|x86
		{CF52845A-829E-45A1-A7DC-900D2BF8FFB5}.Release|x86.Build.0 = Release|x86
		{CF52845A-829E-45A1-A7DC-900D2BF8FFB5}.Release|x86.Deploy.0 = Release|x86
		{00FB763A-E7FF-4266-AB2E-6CB1FB82BB45}.Ad-Hoc|Any CPU.ActiveCfg = Debug|Any CPU
		{00FB763A-E7FF-4266-AB2E-6CB1FB82BB45}.Ad-Hoc|Any CPU.Build.0 = Debug|Any CPU
		{00FB763A-E7FF-4266-AB2E-6CB1FB82BB45}.Ad-Hoc|Any CPU.Deploy.0 = Debug|Any CPU
		{00FB763A-E7FF-4266-AB2E-6CB1FB82BB45}.Ad-Hoc|ARM.ActiveCfg = Debug|Any CPU
		{00FB763A-E7FF-4266-AB2E-6CB1FB82BB45}.Ad-Hoc|ARM.Build.0 = Debug|Any CPU
		{00FB763A-E7FF-4266-AB2E-6CB1FB82BB45}.Ad-Hoc|ARM.Deploy.0 = Debug|Any CPU
		{00FB763A-E7FF-4266-AB2E-6CB1FB82BB45}.Ad-Hoc|iPhone.ActiveCfg = Debug|Any CPU
		{00FB763A-E7FF-4266-AB2E-6CB1FB82BB45}.Ad-Hoc|iPhone.Build.0 = Debug|Any CPU
		{00FB763A-E7FF-4266-AB2E-6CB1FB82BB45}.Ad-Hoc|iPhone.Deploy.0 = Debug|Any CPU
		{00FB763A-E7FF-4266-AB2E-6CB1FB82BB45}.Ad-Hoc|iPhoneSimulator.ActiveCfg = Debug|Any CPU
		{00FB763A-E7FF-4266-AB2E-6CB1FB82BB45}.Ad-Hoc|iPhoneSimulator.Build.0 = Debug|Any CPU
		{00FB763A-E7FF-4266-AB2E-6CB1FB82BB45}.Ad-Hoc|iPhoneSimulator.Deploy.0 = Debug|Any CPU
		{00FB763A-E7FF-4266-AB2E-6CB1FB82BB45}.Ad-Hoc|x64.ActiveCfg = Debug|Any CPU
		{00FB763A-E7FF-4266-AB2E-6CB1FB82BB45}.Ad-Hoc|x64.Build.0 = Debug|Any CPU
		{00FB763A-E7FF-4266-AB2E-6CB1FB82BB45}.Ad-Hoc|x64.Deploy.0 = Debug|Any CPU
		{00FB763A-E7FF-4266-AB2E-6CB1FB82BB45}.Ad-Hoc|x86.ActiveCfg = Debug|Any CPU
		{00FB763A-E7FF-4266-AB2E-6CB1FB82BB45}.Ad-Hoc|x86.Build.0 = Debug|Any CPU
		{00FB763A-E7FF-4266-AB2E-6CB1FB82BB45}.Ad-Hoc|x86.Deploy.0 = Debug|Any CPU
		{00FB763A-E7FF-4266-AB2E-6CB1FB82BB45}.AppStore|Any CPU.ActiveCfg = Debug|Any CPU
		{00FB763A-E7FF-4266-AB2E-6CB1FB82BB45}.AppStore|Any CPU.Build.0 = Debug|Any CPU
		{00FB763A-E7FF-4266-AB2E-6CB1FB82BB45}.AppStore|Any CPU.Deploy.0 = Debug|Any CPU
		{00FB763A-E7FF-4266-AB2E-6CB1FB82BB45}.AppStore|ARM.ActiveCfg = Debug|Any CPU
		{00FB763A-E7FF-4266-AB2E-6CB1FB82BB45}.AppStore|ARM.Build.0 = Debug|Any CPU
		{00FB763A-E7FF-4266-AB2E-6CB1FB82BB45}.AppStore|ARM.Deploy.0 = Debug|Any CPU
		{00FB763A-E7FF-4266-AB2E-6CB1FB82BB45}.AppStore|iPhone.ActiveCfg = Debug|Any CPU
		{00FB763A-E7FF-4266-AB2E-6CB1FB82BB45}.AppStore|iPhone.Build.0 = Debug|Any CPU
		{00FB763A-E7FF-4266-AB2E-6CB1FB82BB45}.AppStore|iPhone.Deploy.0 = Debug|Any CPU
		{00FB763A-E7FF-4266-AB2E-6CB1FB82BB45}.AppStore|iPhoneSimulator.ActiveCfg = Debug|Any CPU
		{00FB763A-E7FF-4266-AB2E-6CB1FB82BB45}.AppStore|iPhoneSimulator.Build.0 = Debug|Any CPU
		{00FB763A-E7FF-4266-AB2E-6CB1FB82BB45}.AppStore|iPhoneSimulator.Deploy.0 = Debug|Any CPU
		{00FB763A-E7FF-4266-AB2E-6CB1FB82BB45}.AppStore|x64.ActiveCfg = Debug|Any CPU
		{00FB763A-E7FF-4266-AB2E-6CB1FB82BB45}.AppStore|x64.Build.0 = Debug|Any CPU
		{00FB763A-E7FF-4266-AB2E-6CB1FB82BB45}.AppStore|x64.Deploy.0 = Debug|Any CPU
		{00FB763A-E7FF-4266-AB2E-6CB1FB82BB45}.AppStore|x86.ActiveCfg = Debug|Any CPU
		{00FB763A-E7FF-4266-AB2E-6CB1FB82BB45}.AppStore|x86.Build.0 = Debug|Any CPU
		{00FB763A-E7FF-4266-AB2E-6CB1FB82BB45}.AppStore|x86.Deploy.0 = Debug|Any CPU
		{00FB763A-E7FF-4266-AB2E-6CB1FB82BB45}.Debug|Any CPU.ActiveCfg = Debug|Any CPU
		{00FB763A-E7FF-4266-AB2E-6CB1FB82BB45}.Debug|Any CPU.Build.0 = Debug|Any CPU
		{00FB763A-E7FF-4266-AB2E-6CB1FB82BB45}.Debug|Any CPU.Deploy.0 = Debug|Any CPU
		{00FB763A-E7FF-4266-AB2E-6CB1FB82BB45}.Debug|ARM.ActiveCfg = Debug|Any CPU
		{00FB763A-E7FF-4266-AB2E-6CB1FB82BB45}.Debug|ARM.Build.0 = Debug|Any CPU
		{00FB763A-E7FF-4266-AB2E-6CB1FB82BB45}.Debug|ARM.Deploy.0 = Debug|Any CPU
		{00FB763A-E7FF-4266-AB2E-6CB1FB82BB45}.Debug|iPhone.ActiveCfg = Debug|Any CPU
		{00FB763A-E7FF-4266-AB2E-6CB1FB82BB45}.Debug|iPhone.Build.0 = Debug|Any CPU
		{00FB763A-E7FF-4266-AB2E-6CB1FB82BB45}.Debug|iPhone.Deploy.0 = Debug|Any CPU
		{00FB763A-E7FF-4266-AB2E-6CB1FB82BB45}.Debug|iPhoneSimulator.ActiveCfg = Debug|Any CPU
		{00FB763A-E7FF-4266-AB2E-6CB1FB82BB45}.Debug|iPhoneSimulator.Build.0 = Debug|Any CPU
		{00FB763A-E7FF-4266-AB2E-6CB1FB82BB45}.Debug|iPhoneSimulator.Deploy.0 = Debug|Any CPU
		{00FB763A-E7FF-4266-AB2E-6CB1FB82BB45}.Debug|x64.ActiveCfg = Debug|Any CPU
		{00FB763A-E7FF-4266-AB2E-6CB1FB82BB45}.Debug|x64.Build.0 = Debug|Any CPU
		{00FB763A-E7FF-4266-AB2E-6CB1FB82BB45}.Debug|x64.Deploy.0 = Debug|Any CPU
		{00FB763A-E7FF-4266-AB2E-6CB1FB82BB45}.Debug|x86.ActiveCfg = Debug|Any CPU
		{00FB763A-E7FF-4266-AB2E-6CB1FB82BB45}.Debug|x86.Build.0 = Debug|Any CPU
		{00FB763A-E7FF-4266-AB2E-6CB1FB82BB45}.Debug|x86.Deploy.0 = Debug|Any CPU
		{00FB763A-E7FF-4266-AB2E-6CB1FB82BB45}.Release|Any CPU.ActiveCfg = Release|Any CPU
		{00FB763A-E7FF-4266-AB2E-6CB1FB82BB45}.Release|Any CPU.Build.0 = Release|Any CPU
		{00FB763A-E7FF-4266-AB2E-6CB1FB82BB45}.Release|Any CPU.Deploy.0 = Release|Any CPU
		{00FB763A-E7FF-4266-AB2E-6CB1FB82BB45}.Release|ARM.ActiveCfg = Release|Any CPU
		{00FB763A-E7FF-4266-AB2E-6CB1FB82BB45}.Release|ARM.Build.0 = Release|Any CPU
		{00FB763A-E7FF-4266-AB2E-6CB1FB82BB45}.Release|ARM.Deploy.0 = Release|Any CPU
		{00FB763A-E7FF-4266-AB2E-6CB1FB82BB45}.Release|iPhone.ActiveCfg = Release|Any CPU
		{00FB763A-E7FF-4266-AB2E-6CB1FB82BB45}.Release|iPhone.Build.0 = Release|Any CPU
		{00FB763A-E7FF-4266-AB2E-6CB1FB82BB45}.Release|iPhone.Deploy.0 = Release|Any CPU
		{00FB763A-E7FF-4266-AB2E-6CB1FB82BB45}.Release|iPhoneSimulator.ActiveCfg = Release|Any CPU
		{00FB763A-E7FF-4266-AB2E-6CB1FB82BB45}.Release|iPhoneSimulator.Build.0 = Release|Any CPU
		{00FB763A-E7FF-4266-AB2E-6CB1FB82BB45}.Release|iPhoneSimulator.Deploy.0 = Release|Any CPU
		{00FB763A-E7FF-4266-AB2E-6CB1FB82BB45}.Release|x64.ActiveCfg = Release|Any CPU
		{00FB763A-E7FF-4266-AB2E-6CB1FB82BB45}.Release|x64.Build.0 = Release|Any CPU
		{00FB763A-E7FF-4266-AB2E-6CB1FB82BB45}.Release|x64.Deploy.0 = Release|Any CPU
		{00FB763A-E7FF-4266-AB2E-6CB1FB82BB45}.Release|x86.ActiveCfg = Release|Any CPU
		{00FB763A-E7FF-4266-AB2E-6CB1FB82BB45}.Release|x86.Build.0 = Release|Any CPU
		{00FB763A-E7FF-4266-AB2E-6CB1FB82BB45}.Release|x86.Deploy.0 = Release|Any CPU
	EndGlobalSection
	GlobalSection(SolutionProperties) = preSolution
		HideSolutionNode = FALSE
	EndGlobalSection
	GlobalSection(ExtensibilityGlobals) = postSolution
		SolutionGuid = {A8B1ADCC-76C0-4413-961E-3332AD14AFFD}
	EndGlobalSection
EndGlobal
